
Microsoft Visual Studio Solution File, Format Version 12.00
# Visual Studio Version 17
VisualStudioVersion = 17.0.31903.59
MinimumVisualStudioVersion = 10.0.40219.1
Project("{FAE04EC0-301F-11D3-BF4B-00C04F79EFBC}") = "ValveIndex.lh2mgr", "ValveIndex.lh2mgr\ValveIndex.lh2mgr.csproj", "{31E262DB-2685-4547-A5D0-49A64AD5EA67}"
EndProject
Project("{2150E333-8FDC-42A3-9474-1A3956D46DE8}") = "Repository Files", "Repository Files", "{9FBDC44A-3D2B-4C51-BEE5-847E46A2E862}"
	ProjectSection(SolutionItems) = preProject
		.editorconfig = .editorconfig
		LICENSE.md = LICENSE.md
		README.md = README.md
		.gitattributes = .gitattributes
		.gitignore = .gitignore
	EndProjectSection
EndProject
Global
	GlobalSection(SolutionConfigurationPlatforms) = preSolution
		Debug|Any CPU = Debug|Any CPU
		Release|Any CPU = Release|Any CPU
	EndGlobalSection
	GlobalSection(SolutionProperties) = preSolution
		HideSolutionNode = FALSE
	EndGlobalSection
	GlobalSection(ProjectConfigurationPlatforms) = postSolution
		{31E262DB-2685-4547-A5D0-49A64AD5EA67}.Debug|Any CPU.ActiveCfg = Debug|Any CPU
		{31E262DB-2685-4547-A5D0-49A64AD5EA67}.Debug|Any CPU.Build.0 = Debug|Any CPU
		{31E262DB-2685-4547-A5D0-49A64AD5EA67}.Release|Any CPU.ActiveCfg = Release|Any CPU
		{31E262DB-2685-4547-A5D0-49A64AD5EA67}.Release|Any CPU.Build.0 = Release|Any CPU
	EndGlobalSection
EndGlobal
